{
  "version": 4,
  "terraform_version": "1.5.6",
  "serial": 3,
  "lineage": "0c5370bd-36df-2bc3-f4fc-9e96d7bfd622",
  "outputs": {},
  "resources": [
    {
      "mode": "managed",
      "type": "aws_cloudwatch_dashboard",
      "name": "demo-dashboard",
      "provider": "provider[\"registry.terraform.io/hashicorp/aws\"]",
      "instances": [
        {
          "schema_version": 0,
          "attributes": {
            "dashboard_arn": "arn:aws:cloudwatch::773587062517:dashboard/demo-dashboard-ami-0e83be366243f524a",
            "dashboard_body": "{\"widgets\":[{\"height\":6,\"properties\":{\"metrics\":[[\"AWS/EC2\",\"CPUUtilization\",\"InstanceId\",\"ami-0e83be366243f524a\"]],\"period\":300,\"region\":\"us-east-1\",\"stat\":\"Average\",\"title\":\"ami-0e83be366243f524a - CPU Utilization\"},\"type\":\"metric\",\"width\":12,\"x\":0,\"y\":0},{\"height\":3,\"properties\":{\"markdown\":\"My Demo Dashboard\"},\"type\":\"text\",\"width\":3,\"x\":0,\"y\":7},{\"height\":6,\"properties\":{\"metrics\":[[\"AWS/EC2\",\"NetworkIn\",\"InstanceId\",\"ami-0e83be366243f524a\"]],\"period\":300,\"region\":\"us-east-2\",\"stat\":\"Average\",\"title\":\"ami-0e83be366243f524a - NetworkIn\"},\"type\":\"metric\",\"width\":12,\"x\":0,\"y\":0}]}",
            "dashboard_name": "demo-dashboard-ami-0e83be366243f524a",
            "id": "demo-dashboard-ami-0e83be366243f524a"
          },
          "sensitive_attributes": [],
          "private": "bnVsbA=="
        }
      ]
    },
    {
      "mode": "managed",
      "type": "aws_cloudwatch_metric_alarm",
      "name": "ec2-cpu-alarm",
      "provider": "provider[\"registry.terraform.io/hashicorp/aws\"]",
      "instances": [
        {
          "schema_version": 1,
          "attributes": {
            "actions_enabled": true,
            "alarm_actions": null,
            "alarm_description": "This metric monitors ec2 cpu utilization reaches 80%",
            "alarm_name": "terraform-ec2-cpu-alarm",
            "arn": "arn:aws:cloudwatch:us-east-2:773587062517:alarm:terraform-ec2-cpu-alarm",
            "comparison_operator": "GreaterThanOrEqualToThreshold",
            "datapoints_to_alarm": 0,
            "dimensions": null,
            "evaluate_low_sample_count_percentiles": "",
            "evaluation_periods": 2,
            "extended_statistic": "",
            "id": "terraform-ec2-cpu-alarm",
            "insufficient_data_actions": null,
            "metric_name": "CPUUtilization",
            "metric_query": [],
            "namespace": "AWS/EC2",
            "ok_actions": null,
            "period": 120,
            "statistic": "Average",
            "tags": null,
            "tags_all": {
              "component": "terraform",
              "creator": "Prince Amponsah",
              "environment": "demo",
              "product": "cloudwatch dashboard",
              "purpose": "infrastructure",
              "usage": "Automation"
            },
            "threshold": 80,
            "threshold_metric_id": "",
            "treat_missing_data": "missing",
            "unit": ""
          },
          "sensitive_attributes": [],
          "private": "eyJzY2hlbWFfdmVyc2lvbiI6IjEifQ=="
        }
      ]
    }
  ],
  "check_results": null
}
